
Microsoft Visual Studio Solution File, Format Version 12.00
# Visual Studio Version 17
VisualStudioVersion = 17.4.33122.133
MinimumVisualStudioVersion = 10.0.40219.1
Project("{FAE04EC0-301F-11D3-BF4B-00C04F79EFBC}") = "OCPViolation", "OCPViolation\OCPViolation.csproj", "{EAE5696E-C807-427D-BFB6-02B9F3E881B3}"
EndProject
Global
	GlobalSection(SolutionConfigurationPlatforms) = preSolution
		Debug|Any CPU = Debug|Any CPU
		Release|Any CPU = Release|Any CPU
	EndGlobalSection
	GlobalSection(ProjectConfigurationPlatforms) = postSolution
		{EAE5696E-C807-427D-BFB6-02B9F3E881B3}.Debug|Any CPU.ActiveCfg = Debug|Any CPU
		{EAE5696E-C807-427D-BFB6-02B9F3E881B3}.Debug|Any CPU.Build.0 = Debug|Any CPU
		{EAE5696E-C807-427D-BFB6-02B9F3E881B3}.Release|Any CPU.ActiveCfg = Release|Any CPU
		{EAE5696E-C807-427D-BFB6-02B9F3E881B3}.Release|Any CPU.Build.0 = Release|Any CPU
	EndGlobalSection
	GlobalSection(SolutionProperties) = preSolution
		HideSolutionNode = FALSE
	EndGlobalSection
	GlobalSection(ExtensibilityGlobals) = postSolution
		SolutionGuid = {2129C79E-F29D-4AC9-9D24-CFA1A70409B6}
	EndGlobalSection
EndGlobal
