
Microsoft Visual Studio Solution File, Format Version 12.00
# Visual Studio Version 17
VisualStudioVersion = 17.4.33122.133
MinimumVisualStudioVersion = 10.0.40219.1
Project("{FAE04EC0-301F-11D3-BF4B-00C04F79EFBC}") = "SRPViolation", "SRPViolation\SRPViolation.csproj", "{3FD5067F-6A50-43C6-A93E-AE21D63B4D01}"
EndProject
Project("{FAE04EC0-301F-11D3-BF4B-00C04F79EFBC}") = "SRPRefactored", "SRPRefactored\SRPRefactored.csproj", "{08699A70-7F0D-4EED-BDA8-A43E0C12E522}"
EndProject
Global
	GlobalSection(SolutionConfigurationPlatforms) = preSolution
		Debug|Any CPU = Debug|Any CPU
		Release|Any CPU = Release|Any CPU
	EndGlobalSection
	GlobalSection(ProjectConfigurationPlatforms) = postSolution
		{3FD5067F-6A50-43C6-A93E-AE21D63B4D01}.Debug|Any CPU.ActiveCfg = Debug|Any CPU
		{3FD5067F-6A50-43C6-A93E-AE21D63B4D01}.Debug|Any CPU.Build.0 = Debug|Any CPU
		{3FD5067F-6A50-43C6-A93E-AE21D63B4D01}.Release|Any CPU.ActiveCfg = Release|Any CPU
		{3FD5067F-6A50-43C6-A93E-AE21D63B4D01}.Release|Any CPU.Build.0 = Release|Any CPU
		{08699A70-7F0D-4EED-BDA8-A43E0C12E522}.Debug|Any CPU.ActiveCfg = Debug|Any CPU
		{08699A70-7F0D-4EED-BDA8-A43E0C12E522}.Debug|Any CPU.Build.0 = Debug|Any CPU
		{08699A70-7F0D-4EED-BDA8-A43E0C12E522}.Release|Any CPU.ActiveCfg = Release|Any CPU
		{08699A70-7F0D-4EED-BDA8-A43E0C12E522}.Release|Any CPU.Build.0 = Release|Any CPU
	EndGlobalSection
	GlobalSection(SolutionProperties) = preSolution
		HideSolutionNode = FALSE
	EndGlobalSection
	GlobalSection(ExtensibilityGlobals) = postSolution
		SolutionGuid = {BA51F74F-C583-4667-B23C-2228AC529419}
	EndGlobalSection
EndGlobal
